// !$*UTF8*$!
{
	archiveVersion = 1;
	classes = {
	};
	objectVersion = 56;
	objects = {

/* Begin PBXBuildFile section */
		1B800A1F2C47ABF700856741 /* CalculatorView.swift in Sources */ = {isa = PBXBuildFile; fileRef = 1B800A1E2C47ABF700856741 /* CalculatorView.swift */; };
		243BEE122C3D325500C9E287 /* Weightlifting_CalculatorApp.swift in Sources */ = {isa = PBXBuildFile; fileRef = 243BEE112C3D325500C9E287 /* Weightlifting_CalculatorApp.swift */; };
		243BEE142C3D325500C9E287 /* ContentView.swift in Sources */ = {isa = PBXBuildFile; fileRef = 243BEE132C3D325500C9E287 /* ContentView.swift */; };
		243BEE162C3D325500C9E287 /* Item.swift in Sources */ = {isa = PBXBuildFile; fileRef = 243BEE152C3D325500C9E287 /* Item.swift */; };
		243BEE182C3D325600C9E287 /* Assets.xcassets in Resources */ = {isa = PBXBuildFile; fileRef = 243BEE172C3D325600C9E287 /* Assets.xcassets */; };
		243BEE1B2C3D325600C9E287 /* Preview Assets.xcassets in Resources */ = {isa = PBXBuildFile; fileRef = 243BEE1A2C3D325600C9E287 /* Preview Assets.xcassets */; };
		B15C94252C45233600AD31F2 /* ContentViewModel.swift in Sources */ = {isa = PBXBuildFile; fileRef = B15C94242C45233600AD31F2 /* ContentViewModel.swift */; };
		B15C942F2C45302400AD31F2 /* CalculatorProtocol.swift in Sources */ = {isa = PBXBuildFile; fileRef = B15C942E2C45302400AD31F2 /* CalculatorProtocol.swift */; };
		B15C94312C45380600AD31F2 /* TrainingDataViewModel.swift in Sources */ = {isa = PBXBuildFile; fileRef = B15C94302C45380600AD31F2 /* TrainingDataViewModel.swift */; };
		B15C94342C465FE300AD31F2 /* WeightliftingDataView.swift in Sources */ = {isa = PBXBuildFile; fileRef = B15C94332C465FE300AD31F2 /* WeightliftingDataView.swift */; };
		B15C94362C467E9500AD31F2 /* Weightlift.swift in Sources */ = {isa = PBXBuildFile; fileRef = B15C94352C467E9500AD31F2 /* Weightlift.swift */; };
/* End PBXBuildFile section */

/* Begin PBXFileReference section */
		1B800A1E2C47ABF700856741 /* CalculatorView.swift */ = {isa = PBXFileReference; lastKnownFileType = sourcecode.swift; path = CalculatorView.swift; sourceTree = "<group>"; };
		243BEE0E2C3D325500C9E287 /* Weightlifting-Calculator.app */ = {isa = PBXFileReference; explicitFileType = wrapper.application; includeInIndex = 0; path = "Weightlifting-Calculator.app"; sourceTree = BUILT_PRODUCTS_DIR; };
		243BEE112C3D325500C9E287 /* Weightlifting_CalculatorApp.swift */ = {isa = PBXFileReference; lastKnownFileType = sourcecode.swift; path = Weightlifting_CalculatorApp.swift; sourceTree = "<group>"; };
		243BEE132C3D325500C9E287 /* ContentView.swift */ = {isa = PBXFileReference; lastKnownFileType = sourcecode.swift; path = ContentView.swift; sourceTree = "<group>"; };
		243BEE152C3D325500C9E287 /* Item.swift */ = {isa = PBXFileReference; lastKnownFileType = sourcecode.swift; path = Item.swift; sourceTree = "<group>"; };
		243BEE172C3D325600C9E287 /* Assets.xcassets */ = {isa = PBXFileReference; lastKnownFileType = folder.assetcatalog; path = Assets.xcassets; sourceTree = "<group>"; };
		243BEE1A2C3D325600C9E287 /* Preview Assets.xcassets */ = {isa = PBXFileReference; lastKnownFileType = folder.assetcatalog; path = "Preview Assets.xcassets"; sourceTree = "<group>"; };
		B15C94242C45233600AD31F2 /* ContentViewModel.swift */ = {isa = PBXFileReference; lastKnownFileType = sourcecode.swift; path = ContentViewModel.swift; sourceTree = "<group>"; };
		B15C942E2C45302400AD31F2 /* CalculatorProtocol.swift */ = {isa = PBXFileReference; lastKnownFileType = sourcecode.swift; path = CalculatorProtocol.swift; sourceTree = "<group>"; };
		B15C94302C45380600AD31F2 /* TrainingDataViewModel.swift */ = {isa = PBXFileReference; lastKnownFileType = sourcecode.swift; path = TrainingDataViewModel.swift; sourceTree = "<group>"; };
		B15C94332C465FE300AD31F2 /* WeightliftingDataView.swift */ = {isa = PBXFileReference; lastKnownFileType = sourcecode.swift; path = WeightliftingDataView.swift; sourceTree = "<group>"; };
		B15C94352C467E9500AD31F2 /* Weightlift.swift */ = {isa = PBXFileReference; lastKnownFileType = sourcecode.swift; path = Weightlift.swift; sourceTree = "<group>"; };
/* End PBXFileReference section */

/* Begin PBXFrameworksBuildPhase section */
		243BEE0B2C3D325500C9E287 /* Frameworks */ = {
			isa = PBXFrameworksBuildPhase;
			buildActionMask = 2147483647;
			files = (
			);
			runOnlyForDeploymentPostprocessing = 0;
		};
/* End PBXFrameworksBuildPhase section */

/* Begin PBXGroup section */
		1BA973E12C411E00008825CE /* Utilities */ = {
			isa = PBXGroup;
			children = (
			);
			name = Utilities;
			path = ../Utilities;
			sourceTree = "<group>";
		};
		1BA973E22C411E08008825CE /* Models */ = {
			isa = PBXGroup;
			children = (
				B15C94352C467E9500AD31F2 /* Weightlift.swift */,
			);
			path = Models;
			sourceTree = "<group>";
		};
		243BEE052C3D325500C9E287 = {
			isa = PBXGroup;
			children = (
				243BEE102C3D325500C9E287 /* Weightlifting-Calculator */,
				243BEE0F2C3D325500C9E287 /* Products */,
			);
			sourceTree = "<group>";
		};
		243BEE0F2C3D325500C9E287 /* Products */ = {
			isa = PBXGroup;
			children = (
				243BEE0E2C3D325500C9E287 /* Weightlifting-Calculator.app */,
			);
			name = Products;
			sourceTree = "<group>";
		};
		243BEE102C3D325500C9E287 /* Weightlifting-Calculator */ = {
			isa = PBXGroup;
			children = (
				B15C94322C465F1100AD31F2 /* View */,
				B15C942C2C452FE300AD31F2 /* Services */,
				B15C94232C45232500AD31F2 /* ViewModels */,
				1BA973E22C411E08008825CE /* Models */,
				1BA973E12C411E00008825CE /* Utilities */,
				243BEE112C3D325500C9E287 /* Weightlifting_CalculatorApp.swift */,
				243BEE132C3D325500C9E287 /* ContentView.swift */,
				243BEE152C3D325500C9E287 /* Item.swift */,
				243BEE172C3D325600C9E287 /* Assets.xcassets */,
				243BEE192C3D325600C9E287 /* Preview Content */,
			);
			path = "Weightlifting-Calculator";
			sourceTree = "<group>";
		};
		243BEE192C3D325600C9E287 /* Preview Content */ = {
			isa = PBXGroup;
			children = (
				243BEE1A2C3D325600C9E287 /* Preview Assets.xcassets */,
			);
			path = "Preview Content";
			sourceTree = "<group>";
		};
		B15C94232C45232500AD31F2 /* ViewModels */ = {
			isa = PBXGroup;
			children = (
				B15C94242C45233600AD31F2 /* ContentViewModel.swift */,
				B15C94302C45380600AD31F2 /* TrainingDataViewModel.swift */,
			);
			path = ViewModels;
			sourceTree = "<group>";
		};
		B15C942C2C452FE300AD31F2 /* Services */ = {
			isa = PBXGroup;
			children = (
				B15C942D2C45301500AD31F2 /* Calculator */,
			);
			path = Services;
			sourceTree = "<group>";
		};
		B15C942D2C45301500AD31F2 /* Calculator */ = {
			isa = PBXGroup;
			children = (
				B15C942E2C45302400AD31F2 /* CalculatorProtocol.swift */,
			);
			path = Calculator;
			sourceTree = "<group>";
		};
		B15C94322C465F1100AD31F2 /* View */ = {
			isa = PBXGroup;
			children = (
				B15C94332C465FE300AD31F2 /* WeightliftingDataView.swift */,
				1B800A1E2C47ABF700856741 /* CalculatorView.swift */,
			);
			path = View;
			sourceTree = "<group>";
		};
/* End PBXGroup section */

/* Begin PBXNativeTarget section */
		243BEE0D2C3D325500C9E287 /* Weightlifting-Calculator */ = {
			isa = PBXNativeTarget;
			buildConfigurationList = 243BEE1E2C3D325600C9E287 /* Build configuration list for PBXNativeTarget "Weightlifting-Calculator" */;
			buildPhases = (
				243BEE0A2C3D325500C9E287 /* Sources */,
				243BEE0B2C3D325500C9E287 /* Frameworks */,
				243BEE0C2C3D325500C9E287 /* Resources */,
			);
			buildRules = (
			);
			dependencies = (
			);
			name = "Weightlifting-Calculator";
			productName = "Weightlifting-Calculator";
			productReference = 243BEE0E2C3D325500C9E287 /* Weightlifting-Calculator.app */;
			productType = "com.apple.product-type.application";
		};
/* End PBXNativeTarget section */

/* Begin PBXProject section */
		243BEE062C3D325500C9E287 /* Project object */ = {
			isa = PBXProject;
			attributes = {
				BuildIndependentTargetsInParallel = 1;
				LastSwiftUpdateCheck = 1540;
				LastUpgradeCheck = 1540;
				TargetAttributes = {
					243BEE0D2C3D325500C9E287 = {
						CreatedOnToolsVersion = 15.4;
					};
				};
			};
			buildConfigurationList = 243BEE092C3D325500C9E287 /* Build configuration list for PBXProject "Weightlifting-Calculator" */;
			compatibilityVersion = "Xcode 14.0";
			developmentRegion = en;
			hasScannedForEncodings = 0;
			knownRegions = (
				en,
				Base,
			);
			mainGroup = 243BEE052C3D325500C9E287;
			productRefGroup = 243BEE0F2C3D325500C9E287 /* Products */;
			projectDirPath = "";
			projectRoot = "";
			targets = (
				243BEE0D2C3D325500C9E287 /* Weightlifting-Calculator */,
			);
		};
/* End PBXProject section */

/* Begin PBXResourcesBuildPhase section */
		243BEE0C2C3D325500C9E287 /* Resources */ = {
			isa = PBXResourcesBuildPhase;
			buildActionMask = 2147483647;
			files = (
				243BEE1B2C3D325600C9E287 /* Preview Assets.xcassets in Resources */,
				243BEE182C3D325600C9E287 /* Assets.xcassets in Resources */,
			);
			runOnlyForDeploymentPostprocessing = 0;
		};
/* End PBXResourcesBuildPhase section */

/* Begin PBXSourcesBuildPhase section */
		243BEE0A2C3D325500C9E287 /* Sources */ = {
			isa = PBXSourcesBuildPhase;
			buildActionMask = 2147483647;
			files = (
				B15C94362C467E9500AD31F2 /* Weightlift.swift in Sources */,
				B15C94342C465FE300AD31F2 /* WeightliftingDataView.swift in Sources */,
				243BEE142C3D325500C9E287 /* ContentView.swift in Sources */,
				243BEE162C3D325500C9E287 /* Item.swift in Sources */,
				243BEE122C3D325500C9E287 /* Weightlifting_CalculatorApp.swift in Sources */,
				B15C942F2C45302400AD31F2 /* CalculatorProtocol.swift in Sources */,
				B15C94252C45233600AD31F2 /* ContentViewModel.swift in Sources */,
				1B800A1F2C47ABF700856741 /* CalculatorView.swift in Sources */,
				B15C94312C45380600AD31F2 /* TrainingDataViewModel.swift in Sources */,
			);
			runOnlyForDeploymentPostprocessing = 0;
		};
/* End PBXSourcesBuildPhase section */

/* Begin XCBuildConfiguration section */
		243BEE1C2C3D325600C9E287 /* Debug */ = {
			isa = XCBuildConfiguration;
			buildSettings = {
				ALWAYS_SEARCH_USER_PATHS = NO;
				ASSETCATALOG_COMPILER_GENERATE_SWIFT_ASSET_SYMBOL_EXTENSIONS = YES;
				CLANG_ANALYZER_NONNULL = YES;
				CLANG_ANALYZER_NUMBER_OBJECT_CONVERSION = YES_AGGRESSIVE;
				CLANG_CXX_LANGUAGE_STANDARD = "gnu++20";
				CLANG_ENABLE_MODULES = YES;
				CLANG_ENABLE_OBJC_ARC = YES;
				CLANG_ENABLE_OBJC_WEAK = YES;
				CLANG_WARN_BLOCK_CAPTURE_AUTORELEASING = YES;
				CLANG_WARN_BOOL_CONVERSION = YES;
				CLANG_WARN_COMMA = YES;
				CLANG_WARN_CONSTANT_CONVERSION = YES;
				CLANG_WARN_DEPRECATED_OBJC_IMPLEMENTATIONS = YES;
				CLANG_WARN_DIRECT_OBJC_ISA_USAGE = YES_ERROR;
				CLANG_WARN_DOCUMENTATION_COMMENTS = YES;
				CLANG_WARN_EMPTY_BODY = YES;
				CLANG_WARN_ENUM_CONVERSION = YES;
				CLANG_WARN_INFINITE_RECURSION = YES;
				CLANG_WARN_INT_CONVERSION = YES;
				CLANG_WARN_NON_LITERAL_NULL_CONVERSION = YES;
				CLANG_WARN_OBJC_IMPLICIT_RETAIN_SELF = YES;
				CLANG_WARN_OBJC_LITERAL_CONVERSION = YES;
				CLANG_WARN_OBJC_ROOT_CLASS = YES_ERROR;
				CLANG_WARN_QUOTED_INCLUDE_IN_FRAMEWORK_HEADER = YES;
				CLANG_WARN_RANGE_LOOP_ANALYSIS = YES;
				CLANG_WARN_STRICT_PROTOTYPES = YES;
				CLANG_WARN_SUSPICIOUS_MOVE = YES;
				CLANG_WARN_UNGUARDED_AVAILABILITY = YES_AGGRESSIVE;
				CLANG_WARN_UNREACHABLE_CODE = YES;
				CLANG_WARN__DUPLICATE_METHOD_MATCH = YES;
				COPY_PHASE_STRIP = NO;
				DEBUG_INFORMATION_FORMAT = dwarf;
				ENABLE_STRICT_OBJC_MSGSEND = YES;
				ENABLE_TESTABILITY = YES;
				ENABLE_USER_SCRIPT_SANDBOXING = YES;
				GCC_C_LANGUAGE_STANDARD = gnu17;
				GCC_DYNAMIC_NO_PIC = NO;
				GCC_NO_COMMON_BLOCKS = YES;
				GCC_OPTIMIZATION_LEVEL = 0;
				GCC_PREPROCESSOR_DEFINITIONS = (
					"DEBUG=1",
					"$(inherited)",
				);
				GCC_WARN_64_TO_32_BIT_CONVERSION = YES;
				GCC_WARN_ABOUT_RETURN_TYPE = YES_ERROR;
				GCC_WARN_UNDECLARED_SELECTOR = YES;
				GCC_WARN_UNINITIALIZED_AUTOS = YES_AGGRESSIVE;
				GCC_WARN_UNUSED_FUNCTION = YES;
				GCC_WARN_UNUSED_VARIABLE = YES;
				IPHONEOS_DEPLOYMENT_TARGET = 17.5;
				LOCALIZATION_PREFERS_STRING_CATALOGS = YES;
				MTL_ENABLE_DEBUG_INFO = INCLUDE_SOURCE;
				MTL_FAST_MATH = YES;
				ONLY_ACTIVE_ARCH = YES;
				SDKROOT = iphoneos;
				SWIFT_ACTIVE_COMPILATION_CONDITIONS = "DEBUG $(inherited)";
				SWIFT_OPTIMIZATION_LEVEL = "-Onone";
			};
			name = Debug;
		};
		243BEE1D2C3D325600C9E287 /* Release */ = {
			isa = XCBuildConfiguration;
			buildSettings = {
				ALWAYS_SEARCH_USER_PATHS = NO;
				ASSETCATALOG_COMPILER_GENERATE_SWIFT_ASSET_SYMBOL_EXTENSIONS = YES;
				CLANG_ANALYZER_NONNULL = YES;
				CLANG_ANALYZER_NUMBER_OBJECT_CONVERSION = YES_AGGRESSIVE;
				CLANG_CXX_LANGUAGE_STANDARD = "gnu++20";
				CLANG_ENABLE_MODULES = YES;
				CLANG_ENABLE_OBJC_ARC = YES;
				CLANG_ENABLE_OBJC_WEAK = YES;
				CLANG_WARN_BLOCK_CAPTURE_AUTORELEASING = YES;
				CLANG_WARN_BOOL_CONVERSION = YES;
				CLANG_WARN_COMMA = YES;
				CLANG_WARN_CONSTANT_CONVERSION = YES;
				CLANG_WARN_DEPRECATED_OBJC_IMPLEMENTATIONS = YES;
				CLANG_WARN_DIRECT_OBJC_ISA_USAGE = YES_ERROR;
				CLANG_WARN_DOCUMENTATION_COMMENTS = YES;
				CLANG_WARN_EMPTY_BODY = YES;
				CLANG_WARN_ENUM_CONVERSION = YES;
				CLANG_WARN_INFINITE_RECURSION = YES;
				CLANG_WARN_INT_CONVERSION = YES;
				CLANG_WARN_NON_LITERAL_NULL_CONVERSION = YES;
				CLANG_WARN_OBJC_IMPLICIT_RETAIN_SELF = YES;
				CLANG_WARN_OBJC_LITERAL_CONVERSION = YES;
				CLANG_WARN_OBJC_ROOT_CLASS = YES_ERROR;
				CLANG_WARN_QUOTED_INCLUDE_IN_FRAMEWORK_HEADER = YES;
				CLANG_WARN_RANGE_LOOP_ANALYSIS = YES;
				CLANG_WARN_STRICT_PROTOTYPES = YES;
				CLANG_WARN_SUSPICIOUS_MOVE = YES;
				CLANG_WARN_UNGUARDED_AVAILABILITY = YES_AGGRESSIVE;
				CLANG_WARN_UNREACHABLE_CODE = YES;
				CLANG_WARN__DUPLICATE_METHOD_MATCH = YES;
				COPY_PHASE_STRIP = NO;
				DEBUG_INFORMATION_FORMAT = "dwarf-with-dsym";
				ENABLE_NS_ASSERTIONS = NO;
				ENABLE_STRICT_OBJC_MSGSEND = YES;
				ENABLE_USER_SCRIPT_SANDBOXING = YES;
				GCC_C_LANGUAGE_STANDARD = gnu17;
				GCC_NO_COMMON_BLOCKS = YES;
				GCC_WARN_64_TO_32_BIT_CONVERSION = YES;
				GCC_WARN_ABOUT_RETURN_TYPE = YES_ERROR;
				GCC_WARN_UNDECLARED_SELECTOR = YES;
				GCC_WARN_UNINITIALIZED_AUTOS = YES_AGGRESSIVE;
				GCC_WARN_UNUSED_FUNCTION = YES;
				GCC_WARN_UNUSED_VARIABLE = YES;
				IPHONEOS_DEPLOYMENT_TARGET = 17.5;
				LOCALIZATION_PREFERS_STRING_CATALOGS = YES;
				MTL_ENABLE_DEBUG_INFO = NO;
				MTL_FAST_MATH = YES;
				SDKROOT = iphoneos;
				SWIFT_COMPILATION_MODE = wholemodule;
				VALIDATE_PRODUCT = YES;
			};
			name = Release;
		};
		243BEE1F2C3D325600C9E287 /* Debug */ = {
			isa = XCBuildConfiguration;
			buildSettings = {
				ASSETCATALOG_COMPILER_APPICON_NAME = AppIcon;
				ASSETCATALOG_COMPILER_GLOBAL_ACCENT_COLOR_NAME = AccentColor;
				CODE_SIGN_STYLE = Automatic;
				CURRENT_PROJECT_VERSION = 1;
				DEVELOPMENT_ASSET_PATHS = "\"Weightlifting-Calculator/Preview Content\"";
				DEVELOPMENT_TEAM = H389J7W85Q;
				ENABLE_PREVIEWS = YES;
				GENERATE_INFOPLIST_FILE = YES;
				INFOPLIST_KEY_UIApplicationSceneManifest_Generation = YES;
				INFOPLIST_KEY_UIApplicationSupportsIndirectInputEvents = YES;
				INFOPLIST_KEY_UILaunchScreen_Generation = YES;
				INFOPLIST_KEY_UISupportedInterfaceOrientations_iPad = "UIInterfaceOrientationPortrait UIInterfaceOrientationPortraitUpsideDown UIInterfaceOrientationLandscapeLeft UIInterfaceOrientationLandscapeRight";
				INFOPLIST_KEY_UISupportedInterfaceOrientations_iPhone = "UIInterfaceOrientationPortrait UIInterfaceOrientationLandscapeLeft UIInterfaceOrientationLandscapeRight";
				IPHONEOS_DEPLOYMENT_TARGET = 17.4;
				LD_RUNPATH_SEARCH_PATHS = (
					"$(inherited)",
					"@executable_path/Frameworks",
				);
				MARKETING_VERSION = 1.0;
				PRODUCT_BUNDLE_IDENTIFIER = "iosda.Weightlifting-Calculator";
				PRODUCT_NAME = "$(TARGET_NAME)";
				SWIFT_EMIT_LOC_STRINGS = YES;
				SWIFT_VERSION = 5.0;
				TARGETED_DEVICE_FAMILY = "1,2";
			};
			name = Debug;
		};
		243BEE202C3D325600C9E287 /* Release */ = {
			isa = XCBuildConfiguration;
			buildSettings = {
				ASSETCATALOG_COMPILER_APPICON_NAME = AppIcon;
				ASSETCATALOG_COMPILER_GLOBAL_ACCENT_COLOR_NAME = AccentColor;
				CODE_SIGN_STYLE = Automatic;
				CURRENT_PROJECT_VERSION = 1;
				DEVELOPMENT_ASSET_PATHS = "\"Weightlifting-Calculator/Preview Content\"";
				DEVELOPMENT_TEAM = H389J7W85Q;
				ENABLE_PREVIEWS = YES;
				GENERATE_INFOPLIST_FILE = YES;
				INFOPLIST_KEY_UIApplicationSceneManifest_Generation = YES;
				INFOPLIST_KEY_UIApplicationSupportsIndirectInputEvents = YES;
				INFOPLIST_KEY_UILaunchScreen_Generation = YES;
				INFOPLIST_KEY_UISupportedInterfaceOrientations_iPad = "UIInterfaceOrientationPortrait UIInterfaceOrientationPortraitUpsideDown UIInterfaceOrientationLandscapeLeft UIInterfaceOrientationLandscapeRight";
				INFOPLIST_KEY_UISupportedInterfaceOrientations_iPhone = "UIInterfaceOrientationPortrait UIInterfaceOrientationLandscapeLeft UIInterfaceOrientationLandscapeRight";
				IPHONEOS_DEPLOYMENT_TARGET = 17.4;
				LD_RUNPATH_SEARCH_PATHS = (
					"$(inherited)",
					"@executable_path/Frameworks",
				);
				MARKETING_VERSION = 1.0;
				PRODUCT_BUNDLE_IDENTIFIER = "iosda.Weightlifting-Calculator";
				PRODUCT_NAME = "$(TARGET_NAME)";
				SWIFT_EMIT_LOC_STRINGS = YES;
				SWIFT_VERSION = 5.0;
				TARGETED_DEVICE_FAMILY = "1,2";
			};
			name = Release;
		};
/* End XCBuildConfiguration section */

/* Begin XCConfigurationList section */
		243BEE092C3D325500C9E287 /* Build configuration list for PBXProject "Weightlifting-Calculator" */ = {
			isa = XCConfigurationList;
			buildConfigurations = (
				243BEE1C2C3D325600C9E287 /* Debug */,
				243BEE1D2C3D325600C9E287 /* Release */,
			);
			defaultConfigurationIsVisible = 0;
			defaultConfigurationName = Release;
		};
		243BEE1E2C3D325600C9E287 /* Build configuration list for PBXNativeTarget "Weightlifting-Calculator" */ = {
			isa = XCConfigurationList;
			buildConfigurations = (
				243BEE1F2C3D325600C9E287 /* Debug */,
				243BEE202C3D325600C9E287 /* Release */,
			);
			defaultConfigurationIsVisible = 0;
			defaultConfigurationName = Release;
		};
/* End XCConfigurationList section */
	};
	rootObject = 243BEE062C3D325500C9E287 /* Project object */;
}
